// !$*UTF8*$!
{
	archiveVersion = 1;
	classes = {
	};
	objectVersion = 77;
	objects = {

/* Begin PBXContainerItemProxy section */
		E159F40D2DFAFEF900963919 /* PBXContainerItemProxy */ = {
			isa = PBXContainerItemProxy;
			containerPortal = E159F3F72DFAFEF900963919 /* Project object */;
			proxyType = 1;
			remoteGlobalIDString = E159F3FE2DFAFEF900963919;
			remoteInfo = "Northstar Demo";
		};
		E159F4172DFAFEF900963919 /* PBXContainerItemProxy */ = {
			isa = PBXContainerItemProxy;
			containerPortal = E159F3F72DFAFEF900963919 /* Project object */;
			proxyType = 1;
			remoteGlobalIDString = E159F3FE2DFAFEF900963919;
			remoteInfo = "Northstar Demo";
		};
/* End PBXContainerItemProxy section */

/* Begin PBXFileReference section */
		E159F3FF2DFAFEF900963919 /* Northstar Demo.app */ = {isa = PBXFileReference; explicitFileType = wrapper.application; includeInIndex = 0; path = "Northstar Demo.app"; sourceTree = BUILT_PRODUCTS_DIR; };
		E159F40C2DFAFEF900963919 /* Northstar DemoTests.xctest */ = {isa = PBXFileReference; explicitFileType = wrapper.cfbundle; includeInIndex = 0; path = "Northstar DemoTests.xctest"; sourceTree = BUILT_PRODUCTS_DIR; };
		E159F4162DFAFEF900963919 /* Northstar DemoUITests.xctest */ = {isa = PBXFileReference; explicitFileType = wrapper.cfbundle; includeInIndex = 0; path = "Northstar DemoUITests.xctest"; sourceTree = BUILT_PRODUCTS_DIR; };
/* End PBXFileReference section */

/* Begin PBXFileSystemSynchronizedRootGroup section */
		E159F4012DFAFEF900963919 /* Northstar Demo */ = {
			isa = PBXFileSystemSynchronizedRootGroup;
			path = "Northstar Demo";
			sourceTree = "<group>";
		};
		E159F40F2DFAFEF900963919 /* Northstar DemoTests */ = {
			isa = PBXFileSystemSynchronizedRootGroup;
			path = "Northstar DemoTests";
			sourceTree = "<group>";
		};
		E159F4192DFAFEF900963919 /* Northstar DemoUITests */ = {
			isa = PBXFileSystemSynchronizedRootGroup;
			path = "Northstar DemoUITests";
			sourceTree = "<group>";
		};
/* End PBXFileSystemSynchronizedRootGroup section */

/* Begin PBXFrameworksBuildPhase section */
		E159F3FC2DFAFEF900963919 /* Frameworks */ = {
			isa = PBXFrameworksBuildPhase;
			buildActionMask = 2147483647;
			files = (
			);
			runOnlyForDeploymentPostprocessing = 0;
		};
		E159F4092DFAFEF900963919 /* Frameworks */ = {
			isa = PBXFrameworksBuildPhase;
			buildActionMask = 2147483647;
			files = (
			);
			runOnlyForDeploymentPostprocessing = 0;
		};
		E159F4132DFAFEF900963919 /* Frameworks */ = {
			isa = PBXFrameworksBuildPhase;
			buildActionMask = 2147483647;
			files = (
			);
			runOnlyForDeploymentPostprocessing = 0;
		};
/* End PBXFrameworksBuildPhase section */

/* Begin PBXGroup section */
		E159F3F62DFAFEF900963919 = {
			isa = PBXGroup;
			children = (
				E159F4012DFAFEF900963919 /* Northstar Demo */,
				E159F40F2DFAFEF900963919 /* Northstar DemoTests */,
				E159F4192DFAFEF900963919 /* Northstar DemoUITests */,
				E159F4002DFAFEF900963919 /* Products */,
			);
			sourceTree = "<group>";
		};
		E159F4002DFAFEF900963919 /* Products */ = {
			isa = PBXGroup;
			children = (
				E159F3FF2DFAFEF900963919 /* Northstar Demo.app */,
				E159F40C2DFAFEF900963919 /* Northstar DemoTests.xctest */,
				E159F4162DFAFEF900963919 /* Northstar DemoUITests.xctest */,
			);
			name = Products;
			sourceTree = "<group>";
		};
/* End PBXGroup section */

/* Begin PBXNativeTarget section */
		E159F3FE2DFAFEF900963919 /* Northstar Demo */ = {
			isa = PBXNativeTarget;
			buildConfigurationList = E159F4202DFAFEF900963919 /* Build configuration list for PBXNativeTarget "Northstar Demo" */;
			buildPhases = (
				E159F3FB2DFAFEF900963919 /* Sources */,
				E159F3FC2DFAFEF900963919 /* Frameworks */,
				E159F3FD2DFAFEF900963919 /* Resources */,
			);
			buildRules = (
			);
			dependencies = (
			);
			fileSystemSynchronizedGroups = (
				E159F4012DFAFEF900963919 /* Northstar Demo */,
			);
			name = "Northstar Demo";
			packageProductDependencies = (
			);
			productName = "Northstar Demo";
			productReference = E159F3FF2DFAFEF900963919 /* Northstar Demo.app */;
			productType = "com.apple.product-type.application";
		};
		E159F40B2DFAFEF900963919 /* Northstar DemoTests */ = {
			isa = PBXNativeTarget;
			buildConfigurationList = E159F4232DFAFEF900963919 /* Build configuration list for PBXNativeTarget "Northstar DemoTests" */;
			buildPhases = (
				E159F4082DFAFEF900963919 /* Sources */,
				E159F4092DFAFEF900963919 /* Frameworks */,
				E159F40A2DFAFEF900963919 /* Resources */,
			);
			buildRules = (
			);
			dependencies = (
				E159F40E2DFAFEF900963919 /* PBXTargetDependency */,
			);
			fileSystemSynchronizedGroups = (
				E159F40F2DFAFEF900963919 /* Northstar DemoTests */,
			);
			name = "Northstar DemoTests";
			packageProductDependencies = (
			);
			productName = "Northstar DemoTests";
			productReference = E159F40C2DFAFEF900963919 /* Northstar DemoTests.xctest */;
			productType = "com.apple.product-type.bundle.unit-test";
		};
		E159F4152DFAFEF900963919 /* Northstar DemoUITests */ = {
			isa = PBXNativeTarget;
			buildConfigurationList = E159F4262DFAFEF900963919 /* Build configuration list for PBXNativeTarget "Northstar DemoUITests" */;
			buildPhases = (
				E159F4122DFAFEF900963919 /* Sources */,
				E159F4132DFAFEF900963919 /* Frameworks */,
				E159F4142DFAFEF900963919 /* Resources */,
			);
			buildRules = (
			);
			dependencies = (
				E159F4182DFAFEF900963919 /* PBXTargetDependency */,
			);
			fileSystemSynchronizedGroups = (
				E159F4192DFAFEF900963919 /* Northstar DemoUITests */,
			);
			name = "Northstar DemoUITests";
			packageProductDependencies = (
			);
			productName = "Northstar DemoUITests";
			productReference = E159F4162DFAFEF900963919 /* Northstar DemoUITests.xctest */;
			productType = "com.apple.product-type.bundle.ui-testing";
		};
/* End PBXNativeTarget section */

/* Begin PBXProject section */
		E159F3F72DFAFEF900963919 /* Project object */ = {
			isa = PBXProject;
			attributes = {
				BuildIndependentTargetsInParallel = 1;
				LastSwiftUpdateCheck = 1640;
				LastUpgradeCheck = 1640;
				TargetAttributes = {
					E159F3FE2DFAFEF900963919 = {
						CreatedOnToolsVersion = 16.4;
					};
					E159F40B2DFAFEF900963919 = {
						CreatedOnToolsVersion = 16.4;
						TestTargetID = E159F3FE2DFAFEF900963919;
					};
					E159F4152DFAFEF900963919 = {
						CreatedOnToolsVersion = 16.4;
						TestTargetID = E159F3FE2DFAFEF900963919;
					};
				};
			};
			buildConfigurationList = E159F3FA2DFAFEF900963919 /* Build configuration list for PBXProject "Northstar Demo" */;
			developmentRegion = en;
			hasScannedForEncodings = 0;
			knownRegions = (
				en,
				Base,
			);
			mainGroup = E159F3F62DFAFEF900963919;
			minimizedProjectReferenceProxies = 1;
			preferredProjectObjectVersion = 77;
			productRefGroup = E159F4002DFAFEF900963919 /* Products */;
			projectDirPath = "";
			projectRoot = "";
			targets = (
				E159F3FE2DFAFEF900963919 /* Northstar Demo */,
				E159F40B2DFAFEF900963919 /* Northstar DemoTests */,
				E159F4152DFAFEF900963919 /* Northstar DemoUITests */,
			);
		};
/* End PBXProject section */

/* Begin PBXResourcesBuildPhase section */
		E159F3FD2DFAFEF900963919 /* Resources */ = {
			isa = PBXResourcesBuildPhase;
			buildActionMask = 2147483647;
			files = (
			);
			runOnlyForDeploymentPostprocessing = 0;
		};
		E159F40A2DFAFEF900963919 /* Resources */ = {
			isa = PBXResourcesBuildPhase;
			buildActionMask = 2147483647;
			files = (
			);
			runOnlyForDeploymentPostprocessing = 0;
		};
		E159F4142DFAFEF900963919 /* Resources */ = {
			isa = PBXResourcesBuildPhase;
			buildActionMask = 2147483647;
			files = (
			);
			runOnlyForDeploymentPostprocessing = 0;
		};
/* End PBXResourcesBuildPhase section */

/* Begin PBXSourcesBuildPhase section */
		E159F3FB2DFAFEF900963919 /* Sources */ = {
			isa = PBXSourcesBuildPhase;
			buildActionMask = 2147483647;
			files = (
			);
			runOnlyForDeploymentPostprocessing = 0;
		};
		E159F4082DFAFEF900963919 /* Sources */ = {
			isa = PBXSourcesBuildPhase;
			buildActionMask = 2147483647;
			files = (
			);
			runOnlyForDeploymentPostprocessing = 0;
		};
		E159F4122DFAFEF900963919 /* Sources */ = {
			isa = PBXSourcesBuildPhase;
			buildActionMask = 2147483647;
			files = (
			);
			runOnlyForDeploymentPostprocessing = 0;
		};
/* End PBXSourcesBuildPhase section */

/* Begin PBXTargetDependency section */
		E159F40E2DFAFEF900963919 /* PBXTargetDependency */ = {
			isa = PBXTargetDependency;
			target = E159F3FE2DFAFEF900963919 /* Northstar Demo */;
			targetProxy = E159F40D2DFAFEF900963919 /* PBXContainerItemProxy */;
		};
		E159F4182DFAFEF900963919 /* PBXTargetDependency */ = {
			isa = PBXTargetDependency;
			target = E159F3FE2DFAFEF900963919 /* Northstar Demo */;
			targetProxy = E159F4172DFAFEF900963919 /* PBXContainerItemProxy */;
		};
/* End PBXTargetDependency section */

/* Begin XCBuildConfiguration section */
		E159F41E2DFAFEF900963919 /* Debug */ = {
			isa = XCBuildConfiguration;
			buildSettings = {
				ALWAYS_SEARCH_USER_PATHS = NO;
				ASSETCATALOG_COMPILER_GENERATE_SWIFT_ASSET_SYMBOL_EXTENSIONS = YES;
				CLANG_ANALYZER_NONNULL = YES;
				CLANG_ANALYZER_NUMBER_OBJECT_CONVERSION = YES_AGGRESSIVE;
				CLANG_CXX_LANGUAGE_STANDARD = "gnu++20";
				CLANG_ENABLE_MODULES = YES;
				CLANG_ENABLE_OBJC_ARC = YES;
				CLANG_ENABLE_OBJC_WEAK = YES;
				CLANG_WARN_BLOCK_CAPTURE_AUTORELEASING = YES;
				CLANG_WARN_BOOL_CONVERSION = YES;
				CLANG_WARN_COMMA = YES;
				CLANG_WARN_CONSTANT_CONVERSION = YES;
				CLANG_WARN_DEPRECATED_OBJC_IMPLEMENTATIONS = YES;
				CLANG_WARN_DIRECT_OBJC_ISA_USAGE = YES_ERROR;
				CLANG_WARN_DOCUMENTATION_COMMENTS = YES;
				CLANG_WARN_EMPTY_BODY = YES;
				CLANG_WARN_ENUM_CONVERSION = YES;
				CLANG_WARN_INFINITE_RECURSION = YES;
				CLANG_WARN_INT_CONVERSION = YES;
				CLANG_WARN_NON_LITERAL_NULL_CONVERSION = YES;
				CLANG_WARN_OBJC_IMPLICIT_RETAIN_SELF = YES;
				CLANG_WARN_OBJC_LITERAL_CONVERSION = YES;
				CLANG_WARN_OBJC_ROOT_CLASS = YES_ERROR;
				CLANG_WARN_QUOTED_INCLUDE_IN_FRAMEWORK_HEADER = YES;
				CLANG_WARN_RANGE_LOOP_ANALYSIS = YES;
				CLANG_WARN_STRICT_PROTOTYPES = YES;
				CLANG_WARN_SUSPICIOUS_MOVE = YES;
				CLANG_WARN_UNGUARDED_AVAILABILITY = YES_AGGRESSIVE;
				CLANG_WARN_UNREACHABLE_CODE = YES;
				CLANG_WARN__DUPLICATE_METHOD_MATCH = YES;
				COPY_PHASE_STRIP = NO;
				DEBUG_INFORMATION_FORMAT = dwarf;
				DEVELOPMENT_TEAM = CR78ZDZ2ND;
				ENABLE_STRICT_OBJC_MSGSEND = YES;
				ENABLE_TESTABILITY = YES;
				ENABLE_USER_SCRIPT_SANDBOXING = YES;
				GCC_C_LANGUAGE_STANDARD = gnu17;
				GCC_DYNAMIC_NO_PIC = NO;
				GCC_NO_COMMON_BLOCKS = YES;
				GCC_OPTIMIZATION_LEVEL = 0;
				GCC_PREPROCESSOR_DEFINITIONS = (
					"DEBUG=1",
					"$(inherited)",
				);
				GCC_WARN_64_TO_32_BIT_CONVERSION = YES;
				GCC_WARN_ABOUT_RETURN_TYPE = YES_ERROR;
				GCC_WARN_UNDECLARED_SELECTOR = YES;
				GCC_WARN_UNINITIALIZED_AUTOS = YES_AGGRESSIVE;
				GCC_WARN_UNUSED_FUNCTION = YES;
				GCC_WARN_UNUSED_VARIABLE = YES;
				IPHONEOS_DEPLOYMENT_TARGET = 18.5;
				LOCALIZATION_PREFERS_STRING_CATALOGS = YES;
				MTL_ENABLE_DEBUG_INFO = INCLUDE_SOURCE;
				MTL_FAST_MATH = YES;
				ONLY_ACTIVE_ARCH = YES;
				SDKROOT = iphoneos;
				SWIFT_ACTIVE_COMPILATION_CONDITIONS = "DEBUG $(inherited)";
				SWIFT_OPTIMIZATION_LEVEL = "-Onone";
			};
			name = Debug;
		};
		E159F41F2DFAFEF900963919 /* Release */ = {
			isa = XCBuildConfiguration;
			buildSettings = {
				ALWAYS_SEARCH_USER_PATHS = NO;
				ASSETCATALOG_COMPILER_GENERATE_SWIFT_ASSET_SYMBOL_EXTENSIONS = YES;
				CLANG_ANALYZER_NONNULL = YES;
				CLANG_ANALYZER_NUMBER_OBJECT_CONVERSION = YES_AGGRESSIVE;
				CLANG_CXX_LANGUAGE_STANDARD = "gnu++20";
				CLANG_ENABLE_MODULES = YES;
				CLANG_ENABLE_OBJC_ARC = YES;
				CLANG_ENABLE_OBJC_WEAK = YES;
				CLANG_WARN_BLOCK_CAPTURE_AUTORELEASING = YES;
				CLANG_WARN_BOOL_CONVERSION = YES;
				CLANG_WARN_COMMA = YES;
				CLANG_WARN_CONSTANT_CONVERSION = YES;
				CLANG_WARN_DEPRECATED_OBJC_IMPLEMENTATIONS = YES;
				CLANG_WARN_DIRECT_OBJC_ISA_USAGE = YES_ERROR;
				CLANG_WARN_DOCUMENTATION_COMMENTS = YES;
				CLANG_WARN_EMPTY_BODY = YES;
				CLANG_WARN_ENUM_CONVERSION = YES;
				CLANG_WARN_INFINITE_RECURSION = YES;
				CLANG_WARN_INT_CONVERSION = YES;
				CLANG_WARN_NON_LITERAL_NULL_CONVERSION = YES;
				CLANG_WARN_OBJC_IMPLICIT_RETAIN_SELF = YES;
				CLANG_WARN_OBJC_LITERAL_CONVERSION = YES;
				CLANG_WARN_OBJC_ROOT_CLASS = YES_ERROR;
				CLANG_WARN_QUOTED_INCLUDE_IN_FRAMEWORK_HEADER = YES;
				CLANG_WARN_RANGE_LOOP_ANALYSIS = YES;
				CLANG_WARN_STRICT_PROTOTYPES = YES;
				CLANG_WARN_SUSPICIOUS_MOVE = YES;
				CLANG_WARN_UNGUARDED_AVAILABILITY = YES_AGGRESSIVE;
				CLANG_WARN_UNREACHABLE_CODE = YES;
				CLANG_WARN__DUPLICATE_METHOD_MATCH = YES;
				COPY_PHASE_STRIP = NO;
				DEBUG_INFORMATION_FORMAT = "dwarf-with-dsym";
				DEVELOPMENT_TEAM = CR78ZDZ2ND;
				ENABLE_NS_ASSERTIONS = NO;
				ENABLE_STRICT_OBJC_MSGSEND = YES;
				ENABLE_USER_SCRIPT_SANDBOXING = YES;
				GCC_C_LANGUAGE_STANDARD = gnu17;
				GCC_NO_COMMON_BLOCKS = YES;
				GCC_WARN_64_TO_32_BIT_CONVERSION = YES;
				GCC_WARN_ABOUT_RETURN_TYPE = YES_ERROR;
				GCC_WARN_UNDECLARED_SELECTOR = YES;
				GCC_WARN_UNINITIALIZED_AUTOS = YES_AGGRESSIVE;
				GCC_WARN_UNUSED_FUNCTION = YES;
				GCC_WARN_UNUSED_VARIABLE = YES;
				IPHONEOS_DEPLOYMENT_TARGET = 18.5;
				LOCALIZATION_PREFERS_STRING_CATALOGS = YES;
				MTL_ENABLE_DEBUG_INFO = NO;
				MTL_FAST_MATH = YES;
				SDKROOT = iphoneos;
				SWIFT_COMPILATION_MODE = wholemodule;
				VALIDATE_PRODUCT = YES;
			};
			name = Release;
		};
		E159F4212DFAFEF900963919 /* Debug */ = {
			isa = XCBuildConfiguration;
			buildSettings = {
				ASSETCATALOG_COMPILER_APPICON_NAME = AppIcon;
				ASSETCATALOG_COMPILER_GLOBAL_ACCENT_COLOR_NAME = AccentColor;
				CODE_SIGN_STYLE = Automatic;
				CURRENT_PROJECT_VERSION = 1;
				DEVELOPMENT_TEAM = CR78ZDZ2ND;
				ENABLE_PREVIEWS = YES;
				GENERATE_INFOPLIST_FILE = YES;
				INFOPLIST_KEY_UIApplicationSceneManifest_Generation = YES;
				INFOPLIST_KEY_UIApplicationSupportsIndirectInputEvents = YES;
				INFOPLIST_KEY_UILaunchScreen_Generation = YES;
				INFOPLIST_KEY_UISupportedInterfaceOrientations_iPad = "UIInterfaceOrientationPortrait UIInterfaceOrientationPortraitUpsideDown UIInterfaceOrientationLandscapeLeft UIInterfaceOrientationLandscapeRight";
				INFOPLIST_KEY_UISupportedInterfaceOrientations_iPhone = "UIInterfaceOrientationPortrait UIInterfaceOrientationLandscapeLeft UIInterfaceOrientationLandscapeRight";
				LD_RUNPATH_SEARCH_PATHS = (
					"$(inherited)",
					"@executable_path/Frameworks",
				);
				MARKETING_VERSION = 1.0;
				PRODUCT_BUNDLE_IDENTIFIER = "com.walkbase.Northstar-Demo";
				PRODUCT_NAME = "$(TARGET_NAME)";
				SWIFT_EMIT_LOC_STRINGS = YES;
				SWIFT_VERSION = 5.0;
				TARGETED_DEVICE_FAMILY = "1,2";
			};
			name = Debug;
		};
		E159F4222DFAFEF900963919 /* Release */ = {
			isa = XCBuildConfiguration;
			buildSettings = {
				ASSETCATALOG_COMPILER_APPICON_NAME = AppIcon;
				ASSETCATALOG_COMPILER_GLOBAL_ACCENT_COLOR_NAME = AccentColor;
				CODE_SIGN_STYLE = Automatic;
				CURRENT_PROJECT_VERSION = 1;
				DEVELOPMENT_TEAM = CR78ZDZ2ND;
				ENABLE_PREVIEWS = YES;
				GENERATE_INFOPLIST_FILE = YES;
				INFOPLIST_KEY_UIApplicationSceneManifest_Generation = YES;
				INFOPLIST_KEY_UIApplicationSupportsIndirectInputEvents = YES;
				INFOPLIST_KEY_UILaunchScreen_Generation = YES;
				INFOPLIST_KEY_UISupportedInterfaceOrientations_iPad = "UIInterfaceOrientationPortrait UIInterfaceOrientationPortraitUpsideDown UIInterfaceOrientationLandscapeLeft UIInterfaceOrientationLandscapeRight";
				INFOPLIST_KEY_UISupportedInterfaceOrientations_iPhone = "UIInterfaceOrientationPortrait UIInterfaceOrientationLandscapeLeft UIInterfaceOrientationLandscapeRight";
				LD_RUNPATH_SEARCH_PATHS = (
					"$(inherited)",
					"@executable_path/Frameworks",
				);
				MARKETING_VERSION = 1.0;
				PRODUCT_BUNDLE_IDENTIFIER = "com.walkbase.Northstar-Demo";
				PRODUCT_NAME = "$(TARGET_NAME)";
				SWIFT_EMIT_LOC_STRINGS = YES;
				SWIFT_VERSION = 5.0;
				TARGETED_DEVICE_FAMILY = "1,2";
			};
			name = Release;
		};
		E159F4242DFAFEF900963919 /* Debug */ = {
			isa = XCBuildConfiguration;
			buildSettings = {
				BUNDLE_LOADER = "$(TEST_HOST)";
				CODE_SIGN_STYLE = Automatic;
				CURRENT_PROJECT_VERSION = 1;
				DEVELOPMENT_TEAM = CR78ZDZ2ND;
				GENERATE_INFOPLIST_FILE = YES;
				IPHONEOS_DEPLOYMENT_TARGET = 18.5;
				MARKETING_VERSION = 1.0;
				PRODUCT_BUNDLE_IDENTIFIER = "com.walkbase.Northstar-DemoTests";
				PRODUCT_NAME = "$(TARGET_NAME)";
				SWIFT_EMIT_LOC_STRINGS = NO;
				SWIFT_VERSION = 5.0;
				TARGETED_DEVICE_FAMILY = "1,2";
				TEST_HOST = "$(BUILT_PRODUCTS_DIR)/Northstar Demo.app/$(BUNDLE_EXECUTABLE_FOLDER_PATH)/Northstar Demo";
			};
			name = Debug;
		};
		E159F4252DFAFEF900963919 /* Release */ = {
			isa = XCBuildConfiguration;
			buildSettings = {
				BUNDLE_LOADER = "$(TEST_HOST)";
				CODE_SIGN_STYLE = Automatic;
				CURRENT_PROJECT_VERSION = 1;
				DEVELOPMENT_TEAM = CR78ZDZ2ND;
				GENERATE_INFOPLIST_FILE = YES;
				IPHONEOS_DEPLOYMENT_TARGET = 18.5;
				MARKETING_VERSION = 1.0;
				PRODUCT_BUNDLE_IDENTIFIER = "com.walkbase.Northstar-DemoTests";
				PRODUCT_NAME = "$(TARGET_NAME)";
				SWIFT_EMIT_LOC_STRINGS = NO;
				SWIFT_VERSION = 5.0;
				TARGETED_DEVICE_FAMILY = "1,2";
				TEST_HOST = "$(BUILT_PRODUCTS_DIR)/Northstar Demo.app/$(BUNDLE_EXECUTABLE_FOLDER_PATH)/Northstar Demo";
			};
			name = Release;
		};
		E159F4272DFAFEF900963919 /* Debug */ = {
			isa = XCBuildConfiguration;
			buildSettings = {
				CODE_SIGN_STYLE = Automatic;
				CURRENT_PROJECT_VERSION = 1;
				DEVELOPMENT_TEAM = CR78ZDZ2ND;
				GENERATE_INFOPLIST_FILE = YES;
				MARKETING_VERSION = 1.0;
				PRODUCT_BUNDLE_IDENTIFIER = "com.walkbase.Northstar-DemoUITests";
				PRODUCT_NAME = "$(TARGET_NAME)";
				SWIFT_EMIT_LOC_STRINGS = NO;
				SWIFT_VERSION = 5.0;
				TARGETED_DEVICE_FAMILY = "1,2";
				TEST_TARGET_NAME = "Northstar Demo";
			};
			name = Debug;
		};
		E159F4282DFAFEF900963919 /* Release */ = {
			isa = XCBuildConfiguration;
			buildSettings = {
				CODE_SIGN_STYLE = Automatic;
				CURRENT_PROJECT_VERSION = 1;
				DEVELOPMENT_TEAM = CR78ZDZ2ND;
				GENERATE_INFOPLIST_FILE = YES;
				MARKETING_VERSION = 1.0;
				PRODUCT_BUNDLE_IDENTIFIER = "com.walkbase.Northstar-DemoUITests";
				PRODUCT_NAME = "$(TARGET_NAME)";
				SWIFT_EMIT_LOC_STRINGS = NO;
				SWIFT_VERSION = 5.0;
				TARGETED_DEVICE_FAMILY = "1,2";
				TEST_TARGET_NAME = "Northstar Demo";
			};
			name = Release;
		};
/* End XCBuildConfiguration section */

/* Begin XCConfigurationList section */
		E159F3FA2DFAFEF900963919 /* Build configuration list for PBXProject "Northstar Demo" */ = {
			isa = XCConfigurationList;
			buildConfigurations = (
				E159F41E2DFAFEF900963919 /* Debug */,
				E159F41F2DFAFEF900963919 /* Release */,
			);
			defaultConfigurationIsVisible = 0;
			defaultConfigurationName = Release;
		};
		E159F4202DFAFEF900963919 /* Build configuration list for PBXNativeTarget "Northstar Demo" */ = {
			isa = XCConfigurationList;
			buildConfigurations = (
				E159F4212DFAFEF900963919 /* Debug */,
				E159F4222DFAFEF900963919 /* Release */,
			);
			defaultConfigurationIsVisible = 0;
			defaultConfigurationName = Release;
		};
		E159F4232DFAFEF900963919 /* Build configuration list for PBXNativeTarget "Northstar DemoTests" */ = {
			isa = XCConfigurationList;
			buildConfigurations = (
				E159F4242DFAFEF900963919 /* Debug */,
				E159F4252DFAFEF900963919 /* Release */,
			);
			defaultConfigurationIsVisible = 0;
			defaultConfigurationName = Release;
		};
		E159F4262DFAFEF900963919 /* Build configuration list for PBXNativeTarget "Northstar DemoUITests" */ = {
			isa = XCConfigurationList;
			buildConfigurations = (
				E159F4272DFAFEF900963919 /* Debug */,
				E159F4282DFAFEF900963919 /* Release */,
			);
			defaultConfigurationIsVisible = 0;
			defaultConfigurationName = Release;
		};
/* End XCConfigurationList section */
	};
	rootObject = E159F3F72DFAFEF900963919 /* Project object */;
}
