{
  "originHash" : "02ef8ecc103c69aa8de757af29752b25f3dcd5baa161f511d69aebf71927db29",
  "pins" : [
    {
      "identity" : "alamofire",
      "kind" : "remoteSourceControl",
      "location" : "https://github.com/Alamofire/Alamofire.git",
      "state" : {
        "revision" : "513364f870f6bfc468f9d2ff0a95caccc10044c5",
        "version" : "5.10.2"
      }
    },
    {
      "identity" : "sentry-cocoa",
      "kind" : "remoteSourceControl",
      "location" : "https://github.com/getsentry/sentry-cocoa/",
      "state" : {
        "revision" : "bcd8bfb3eea22ac5d3fdd001751bbe19f25e892b",
        "version" : "8.57.2"
      }
    }
  ],
  "version" : 3
}
